
Microsoft Visual Studio Solution File, Format Version 12.00
# Visual Studio Version 17
VisualStudioVersion = 17.0.32112.339
MinimumVisualStudioVersion = 10.0.40219.1
Project("{FAE04EC0-301F-11D3-BF4B-00C04F79EFBC}") = "CSI124 Assignment about Generic", "CSI124 Assignment about Generic\CSI124 Assignment about Generic.csproj", "{20EF0EF6-14CE-4089-8C7D-A090E553FF45}"
EndProject
Global
	GlobalSection(SolutionConfigurationPlatforms) = preSolution
		Debug|Any CPU = Debug|Any CPU
		Release|Any CPU = Release|Any CPU
	EndGlobalSection
	GlobalSection(ProjectConfigurationPlatforms) = postSolution
		{20EF0EF6-14CE-4089-8C7D-A090E553FF45}.Debug|Any CPU.ActiveCfg = Debug|Any CPU
		{20EF0EF6-14CE-4089-8C7D-A090E553FF45}.Debug|Any CPU.Build.0 = Debug|Any CPU
		{20EF0EF6-14CE-4089-8C7D-A090E553FF45}.Release|Any CPU.ActiveCfg = Release|Any CPU
		{20EF0EF6-14CE-4089-8C7D-A090E553FF45}.Release|Any CPU.Build.0 = Release|Any CPU
	EndGlobalSection
	GlobalSection(SolutionProperties) = preSolution
		HideSolutionNode = FALSE
	EndGlobalSection
	GlobalSection(ExtensibilityGlobals) = postSolution
		SolutionGuid = {B3914FEA-22E6-43CC-8CFE-5B76B9018BDC}
	EndGlobalSection
EndGlobal
